
Microsoft Visual Studio Solution File, Format Version 12.00
# Visual Studio Version 17
VisualStudioVersion = 17.14.36518.9 d17.14
MinimumVisualStudioVersion = 10.0.40219.1
Project("{FAE04EC0-301F-11D3-BF4B-00C04F79EFBC}") = "PaperTrader.API", "PaperTrader\PaperTrader.API.csproj", "{A0BF5AFD-4F59-4CBA-A3FF-32D92116CB58}"
EndProject
Project("{2150E333-8FDC-42A3-9474-1A3956D46DE8}") = "PaperTrader.Domain", "PaperTrader.Domain", "{02EA681E-C7D8-13C7-8484-4AC65E1B71E8}"
EndProject
Project("{2150E333-8FDC-42A3-9474-1A3956D46DE8}") = "PaperTrader.Data", "PaperTrader.Data", "{290C47E1-E216-43A3-92A2-F6B691A15929}"
EndProject
Project("{2150E333-8FDC-42A3-9474-1A3956D46DE8}") = "PaperTrader.Service", "PaperTrader.Service", "{924EC6DD-0D04-4B76-857E-43529838B1D8}"
EndProject
Project("{2150E333-8FDC-42A3-9474-1A3956D46DE8}") = "PaperTrader.IntegrationTest", "PaperTrader.IntegrationTest", "{654D3054-81E7-48EB-9DBA-F5754D6BD592}"
EndProject
Project("{FAE04EC0-301F-11D3-BF4B-00C04F79EFBC}") = "PaperTrader.Service", "PaperTrader.Service\PaperTrader.Service.csproj", "{EC0A344A-50B6-45D6-B08F-7ECE5537BFCB}"
EndProject
Project("{FAE04EC0-301F-11D3-BF4B-00C04F79EFBC}") = "PaperTrader.Data", "PaperTrader.Data\PaperTrader.Data.csproj", "{A62BAE1F-3178-42FD-8CE9-AEA74FAB5817}"
EndProject
Project("{FAE04EC0-301F-11D3-BF4B-00C04F79EFBC}") = "PaperTrader.Domain", "PaperTrader.Domain\PaperTrader.Domain.csproj", "{FC04B26B-6FA3-45D9-A50D-D827DCDD238A}"
EndProject
Project("{FAE04EC0-301F-11D3-BF4B-00C04F79EFBC}") = "PaperTrader.Tests", "PaperTrader.Tests\PaperTrader.Tests.csproj", "{B447CB49-A89D-43DE-826C-ABC47272875A}"
EndProject
Project("{2150E333-8FDC-42A3-9474-1A3956D46DE8}") = "PaperTrader.Shared", "PaperTrader.Shared", "{258C178D-E2B9-40A9-B69B-C70F5F430473}"
EndProject
Project("{FAE04EC0-301F-11D3-BF4B-00C04F79EFBC}") = "PaperTrader.Shared", "PaperTrader.Shared\PaperTrader.Shared.csproj", "{6D2D2D3C-4E90-4A09-860E-AFBEA28AC7EA}"
EndProject
Global
	GlobalSection(SolutionConfigurationPlatforms) = preSolution
		Debug|Any CPU = Debug|Any CPU
		Release|Any CPU = Release|Any CPU
	EndGlobalSection
	GlobalSection(ProjectConfigurationPlatforms) = postSolution
		{A0BF5AFD-4F59-4CBA-A3FF-32D92116CB58}.Debug|Any CPU.ActiveCfg = Debug|Any CPU
		{A0BF5AFD-4F59-4CBA-A3FF-32D92116CB58}.Debug|Any CPU.Build.0 = Debug|Any CPU
		{A0BF5AFD-4F59-4CBA-A3FF-32D92116CB58}.Release|Any CPU.ActiveCfg = Release|Any CPU
		{A0BF5AFD-4F59-4CBA-A3FF-32D92116CB58}.Release|Any CPU.Build.0 = Release|Any CPU
		{EC0A344A-50B6-45D6-B08F-7ECE5537BFCB}.Debug|Any CPU.ActiveCfg = Debug|Any CPU
		{EC0A344A-50B6-45D6-B08F-7ECE5537BFCB}.Debug|Any CPU.Build.0 = Debug|Any CPU
		{EC0A344A-50B6-45D6-B08F-7ECE5537BFCB}.Release|Any CPU.ActiveCfg = Release|Any CPU
		{EC0A344A-50B6-45D6-B08F-7ECE5537BFCB}.Release|Any CPU.Build.0 = Release|Any CPU
		{A62BAE1F-3178-42FD-8CE9-AEA74FAB5817}.Debug|Any CPU.ActiveCfg = Debug|Any CPU
		{A62BAE1F-3178-42FD-8CE9-AEA74FAB5817}.Debug|Any CPU.Build.0 = Debug|Any CPU
		{A62BAE1F-3178-42FD-8CE9-AEA74FAB5817}.Release|Any CPU.ActiveCfg = Release|Any CPU
		{A62BAE1F-3178-42FD-8CE9-AEA74FAB5817}.Release|Any CPU.Build.0 = Release|Any CPU
		{FC04B26B-6FA3-45D9-A50D-D827DCDD238A}.Debug|Any CPU.ActiveCfg = Debug|Any CPU
		{FC04B26B-6FA3-45D9-A50D-D827DCDD238A}.Debug|Any CPU.Build.0 = Debug|Any CPU
		{FC04B26B-6FA3-45D9-A50D-D827DCDD238A}.Release|Any CPU.ActiveCfg = Release|Any CPU
		{FC04B26B-6FA3-45D9-A50D-D827DCDD238A}.Release|Any CPU.Build.0 = Release|Any CPU
		{B447CB49-A89D-43DE-826C-ABC47272875A}.Debug|Any CPU.ActiveCfg = Debug|Any CPU
		{B447CB49-A89D-43DE-826C-ABC47272875A}.Debug|Any CPU.Build.0 = Debug|Any CPU
		{B447CB49-A89D-43DE-826C-ABC47272875A}.Release|Any CPU.ActiveCfg = Release|Any CPU
		{B447CB49-A89D-43DE-826C-ABC47272875A}.Release|Any CPU.Build.0 = Release|Any CPU
		{6D2D2D3C-4E90-4A09-860E-AFBEA28AC7EA}.Debug|Any CPU.ActiveCfg = Debug|Any CPU
		{6D2D2D3C-4E90-4A09-860E-AFBEA28AC7EA}.Debug|Any CPU.Build.0 = Debug|Any CPU
		{6D2D2D3C-4E90-4A09-860E-AFBEA28AC7EA}.Release|Any CPU.ActiveCfg = Release|Any CPU
		{6D2D2D3C-4E90-4A09-860E-AFBEA28AC7EA}.Release|Any CPU.Build.0 = Release|Any CPU
	EndGlobalSection
	GlobalSection(SolutionProperties) = preSolution
		HideSolutionNode = FALSE
	EndGlobalSection
	GlobalSection(NestedProjects) = preSolution
		{EC0A344A-50B6-45D6-B08F-7ECE5537BFCB} = {924EC6DD-0D04-4B76-857E-43529838B1D8}
		{A62BAE1F-3178-42FD-8CE9-AEA74FAB5817} = {290C47E1-E216-43A3-92A2-F6B691A15929}
		{FC04B26B-6FA3-45D9-A50D-D827DCDD238A} = {02EA681E-C7D8-13C7-8484-4AC65E1B71E8}
		{B447CB49-A89D-43DE-826C-ABC47272875A} = {654D3054-81E7-48EB-9DBA-F5754D6BD592}
		{6D2D2D3C-4E90-4A09-860E-AFBEA28AC7EA} = {258C178D-E2B9-40A9-B69B-C70F5F430473}
	EndGlobalSection
	GlobalSection(ExtensibilityGlobals) = postSolution
		SolutionGuid = {8F517960-3CEA-4AE4-AE68-4D71693A788A}
	EndGlobalSection
EndGlobal
